// !$*UTF8*$!
{
	archiveVersion = 1;
	classes = {
	};
	objectVersion = 46;
	objects = {

/* Begin PBXBuildFile section */
		AF114AC71F306B2200A0EFF1 /* AppDelegate.swift in Sources */ = {isa = PBXBuildFile; fileRef = AF114AC61F306B2200A0EFF1 /* AppDelegate.swift */; };
		AF114AC91F306B2200A0EFF1 /* ViewController.swift in Sources */ = {isa = PBXBuildFile; fileRef = AF114AC81F306B2200A0EFF1 /* ViewController.swift */; };
		AF114ACC1F306B2200A0EFF1 /* Main.storyboard in Resources */ = {isa = PBXBuildFile; fileRef = AF114ACA1F306B2200A0EFF1 /* Main.storyboard */; };
		AF114ACE1F306B2200A0EFF1 /* Assets.xcassets in Resources */ = {isa = PBXBuildFile; fileRef = AF114ACD1F306B2200A0EFF1 /* Assets.xcassets */; };
		AF114AD11F306B2200A0EFF1 /* LaunchScreen.storyboard in Resources */ = {isa = PBXBuildFile; fileRef = AF114ACF1F306B2200A0EFF1 /* LaunchScreen.storyboard */; };
		AF47C2941F332F16009CFB2B /* OneTalkCell.swift in Sources */ = {isa = PBXBuildFile; fileRef = AF47C2931F332F16009CFB2B /* OneTalkCell.swift */; };
		AF47C2961F3330D5009CFB2B /* CellData.swift in Sources */ = {isa = PBXBuildFile; fileRef = AF47C2951F3330D5009CFB2B /* CellData.swift */; };
/* End PBXBuildFile section */

/* Begin PBXFileReference section */
		AF114AC31F306B2200A0EFF1 /* talkRobot.app */ = {isa = PBXFileReference; explicitFileType = wrapper.application; includeInIndex = 0; path = talkRobot.app; sourceTree = BUILT_PRODUCTS_DIR; };
		AF114AC61F306B2200A0EFF1 /* AppDelegate.swift */ = {isa = PBXFileReference; lastKnownFileType = sourcecode.swift; path = AppDelegate.swift; sourceTree = "<group>"; };
		AF114AC81F306B2200A0EFF1 /* ViewController.swift */ = {isa = PBXFileReference; lastKnownFileType = sourcecode.swift; path = ViewController.swift; sourceTree = "<group>"; };
		AF114ACB1F306B2200A0EFF1 /* Base */ = {isa = PBXFileReference; lastKnownFileType = file.storyboard; name = Base; path = Base.lproj/Main.storyboard; sourceTree = "<group>"; };
		AF114ACD1F306B2200A0EFF1 /* Assets.xcassets */ = {isa = PBXFileReference; lastKnownFileType = folder.assetcatalog; path = Assets.xcassets; sourceTree = "<group>"; };
		AF114AD01F306B2200A0EFF1 /* Base */ = {isa = PBXFileReference; lastKnownFileType = file.storyboard; name = Base; path = Base.lproj/LaunchScreen.storyboard; sourceTree = "<group>"; };
		AF114AD21F306B2200A0EFF1 /* Info.plist */ = {isa = PBXFileReference; lastKnownFileType = text.plist.xml; path = Info.plist; sourceTree = "<group>"; };
		AF47C2931F332F16009CFB2B /* OneTalkCell.swift */ = {isa = PBXFileReference; fileEncoding = 4; lastKnownFileType = sourcecode.swift; path = OneTalkCell.swift; sourceTree = "<group>"; };
		AF47C2951F3330D5009CFB2B /* CellData.swift */ = {isa = PBXFileReference; fileEncoding = 4; lastKnownFileType = sourcecode.swift; path = CellData.swift; sourceTree = "<group>"; };
/* End PBXFileReference section */

/* Begin PBXFrameworksBuildPhase section */
		AF114AC01F306B2200A0EFF1 /* Frameworks */ = {
			isa = PBXFrameworksBuildPhase;
			buildActionMask = 2147483647;
			files = (
			);
			runOnlyForDeploymentPostprocessing = 0;
		};
/* End PBXFrameworksBuildPhase section */

/* Begin PBXGroup section */
		AF114ABA1F306B2200A0EFF1 = {
			isa = PBXGroup;
			children = (
				AF114AC51F306B2200A0EFF1 /* talkRobot */,
				AF114AC41F306B2200A0EFF1 /* Products */,
			);
			sourceTree = "<group>";
		};
		AF114AC41F306B2200A0EFF1 /* Products */ = {
			isa = PBXGroup;
			children = (
				AF114AC31F306B2200A0EFF1 /* talkRobot.app */,
			);
			name = Products;
			sourceTree = "<group>";
		};
		AF114AC51F306B2200A0EFF1 /* talkRobot */ = {
			isa = PBXGroup;
			children = (
				AF114AC61F306B2200A0EFF1 /* AppDelegate.swift */,
				AF114AC81F306B2200A0EFF1 /* ViewController.swift */,
				AF47C2951F3330D5009CFB2B /* CellData.swift */,
				AF47C2931F332F16009CFB2B /* OneTalkCell.swift */,
				AF114ACA1F306B2200A0EFF1 /* Main.storyboard */,
				AF114ACD1F306B2200A0EFF1 /* Assets.xcassets */,
				AF114ACF1F306B2200A0EFF1 /* LaunchScreen.storyboard */,
				AF114AD21F306B2200A0EFF1 /* Info.plist */,
			);
			path = talkRobot;
			sourceTree = "<group>";
		};
/* End PBXGroup section */

/* Begin PBXNativeTarget section */
		AF114AC21F306B2200A0EFF1 /* talkRobot */ = {
			isa = PBXNativeTarget;
			buildConfigurationList = AF114AD51F306B2200A0EFF1 /* Build configuration list for PBXNativeTarget "talkRobot" */;
			buildPhases = (
				AF114ABF1F306B2200A0EFF1 /* Sources */,
				AF114AC01F306B2200A0EFF1 /* Frameworks */,
				AF114AC11F306B2200A0EFF1 /* Resources */,
			);
			buildRules = (
			);
			dependencies = (
			);
			name = talkRobot;
			productName = talkRobot;
			productReference = AF114AC31F306B2200A0EFF1 /* talkRobot.app */;
			productType = "com.apple.product-type.application";
		};
/* End PBXNativeTarget section */

/* Begin PBXProject section */
		AF114ABB1F306B2200A0EFF1 /* Project object */ = {
			isa = PBXProject;
			attributes = {
				LastSwiftUpdateCheck = 0830;
				LastUpgradeCheck = 0830;
				ORGANIZATIONNAME = Ftc;
				TargetAttributes = {
					AF114AC21F306B2200A0EFF1 = {
						CreatedOnToolsVersion = 8.3.1;
						DevelopmentTeam = 6PT7TT7CBP;
						ProvisioningStyle = Automatic;
					};
				};
			};
			buildConfigurationList = AF114ABE1F306B2200A0EFF1 /* Build configuration list for PBXProject "talkRobot" */;
			compatibilityVersion = "Xcode 3.2";
			developmentRegion = English;
			hasScannedForEncodings = 0;
			knownRegions = (
				en,
				Base,
			);
			mainGroup = AF114ABA1F306B2200A0EFF1;
			productRefGroup = AF114AC41F306B2200A0EFF1 /* Products */;
			projectDirPath = "";
			projectRoot = "";
			targets = (
				AF114AC21F306B2200A0EFF1 /* talkRobot */,
			);
		};
/* End PBXProject section */

/* Begin PBXResourcesBuildPhase section */
		AF114AC11F306B2200A0EFF1 /* Resources */ = {
			isa = PBXResourcesBuildPhase;
			buildActionMask = 2147483647;
			files = (
				AF114AD11F306B2200A0EFF1 /* LaunchScreen.storyboard in Resources */,
				AF114ACE1F306B2200A0EFF1 /* Assets.xcassets in Resources */,
				AF114ACC1F306B2200A0EFF1 /* Main.storyboard in Resources */,
			);
			runOnlyForDeploymentPostprocessing = 0;
		};
/* End PBXResourcesBuildPhase section */

/* Begin PBXSourcesBuildPhase section */
		AF114ABF1F306B2200A0EFF1 /* Sources */ = {
			isa = PBXSourcesBuildPhase;
			buildActionMask = 2147483647;
			files = (
				AF114AC91F306B2200A0EFF1 /* ViewController.swift in Sources */,
				AF114AC71F306B2200A0EFF1 /* AppDelegate.swift in Sources */,
				AF47C2941F332F16009CFB2B /* OneTalkCell.swift in Sources */,
				AF47C2961F3330D5009CFB2B /* CellData.swift in Sources */,
			);
			runOnlyForDeploymentPostprocessing = 0;
		};
/* End PBXSourcesBuildPhase section */

/* Begin PBXVariantGroup section */
		AF114ACA1F306B2200A0EFF1 /* Main.storyboard */ = {
			isa = PBXVariantGroup;
			children = (
				AF114ACB1F306B2200A0EFF1 /* Base */,
			);
			name = Main.storyboard;
			sourceTree = "<group>";
		};
		AF114ACF1F306B2200A0EFF1 /* LaunchScreen.storyboard */ = {
			isa = PBXVariantGroup;
			children = (
				AF114AD01F306B2200A0EFF1 /* Base */,
			);
			name = LaunchScreen.storyboard;
			sourceTree = "<group>";
		};
/* End PBXVariantGroup section */

/* Begin XCBuildConfiguration section */
		AF114AD31F306B2200A0EFF1 /* Debug */ = {
			isa = XCBuildConfiguration;
			buildSettings = {
				ALWAYS_SEARCH_USER_PATHS = NO;
				CLANG_ANALYZER_NONNULL = YES;
				CLANG_ANALYZER_NUMBER_OBJECT_CONVERSION = YES_AGGRESSIVE;
				CLANG_CXX_LANGUAGE_STANDARD = "gnu++0x";
				CLANG_CXX_LIBRARY = "libc++";
				CLANG_ENABLE_MODULES = YES;
				CLANG_ENABLE_OBJC_ARC = YES;
				CLANG_WARN_BOOL_CONVERSION = YES;
				CLANG_WARN_CONSTANT_CONVERSION = YES;
				CLANG_WARN_DIRECT_OBJC_ISA_USAGE = YES_ERROR;
				CLANG_WARN_DOCUMENTATION_COMMENTS = YES;
				CLANG_WARN_EMPTY_BODY = YES;
				CLANG_WARN_ENUM_CONVERSION = YES;
				CLANG_WARN_INFINITE_RECURSION = YES;
				CLANG_WARN_INT_CONVERSION = YES;
				CLANG_WARN_OBJC_ROOT_CLASS = YES_ERROR;
				CLANG_WARN_SUSPICIOUS_MOVE = YES;
				CLANG_WARN_UNREACHABLE_CODE = YES;
				CLANG_WARN__DUPLICATE_METHOD_MATCH = YES;
				"CODE_SIGN_IDENTITY[sdk=iphoneos*]" = "iPhone Developer";
				COPY_PHASE_STRIP = NO;
				DEBUG_INFORMATION_FORMAT = dwarf;
				ENABLE_STRICT_OBJC_MSGSEND = YES;
				ENABLE_TESTABILITY = YES;
				GCC_C_LANGUAGE_STANDARD = gnu99;
				GCC_DYNAMIC_NO_PIC = NO;
				GCC_NO_COMMON_BLOCKS = YES;
				GCC_OPTIMIZATION_LEVEL = 0;
				GCC_PREPROCESSOR_DEFINITIONS = (
					"DEBUG=1",
					"$(inherited)",
				);
				GCC_WARN_64_TO_32_BIT_CONVERSION = YES;
				GCC_WARN_ABOUT_RETURN_TYPE = YES_ERROR;
				GCC_WARN_UNDECLARED_SELECTOR = YES;
				GCC_WARN_UNINITIALIZED_AUTOS = YES_AGGRESSIVE;
				GCC_WARN_UNUSED_FUNCTION = YES;
				GCC_WARN_UNUSED_VARIABLE = YES;
				IPHONEOS_DEPLOYMENT_TARGET = 10.3;
				MTL_ENABLE_DEBUG_INFO = YES;
				ONLY_ACTIVE_ARCH = YES;
				SDKROOT = iphoneos;
				SWIFT_ACTIVE_COMPILATION_CONDITIONS = DEBUG;
				SWIFT_OPTIMIZATION_LEVEL = "-Onone";
			};
			name = Debug;
		};
		AF114AD41F306B2200A0EFF1 /* Release */ = {
			isa = XCBuildConfiguration;
			buildSettings = {
				ALWAYS_SEARCH_USER_PATHS = NO;
				CLANG_ANALYZER_NONNULL = YES;
				CLANG_ANALYZER_NUMBER_OBJECT_CONVERSION = YES_AGGRESSIVE;
				CLANG_CXX_LANGUAGE_STANDARD = "gnu++0x";
				CLANG_CXX_LIBRARY = "libc++";
				CLANG_ENABLE_MODULES = YES;
				CLANG_ENABLE_OBJC_ARC = YES;
				CLANG_WARN_BOOL_CONVERSION = YES;
				CLANG_WARN_CONSTANT_CONVERSION = YES;
				CLANG_WARN_DIRECT_OBJC_ISA_USAGE = YES_ERROR;
				CLANG_WARN_DOCUMENTATION_COMMENTS = YES;
				CLANG_WARN_EMPTY_BODY = YES;
				CLANG_WARN_ENUM_CONVERSION = YES;
				CLANG_WARN_INFINITE_RECURSION = YES;
				CLANG_WARN_INT_CONVERSION = YES;
				CLANG_WARN_OBJC_ROOT_CLASS = YES_ERROR;
				CLANG_WARN_SUSPICIOUS_MOVE = YES;
				CLANG_WARN_UNREACHABLE_CODE = YES;
				CLANG_WARN__DUPLICATE_METHOD_MATCH = YES;
				"CODE_SIGN_IDENTITY[sdk=iphoneos*]" = "iPhone Developer";
				COPY_PHASE_STRIP = NO;
				DEBUG_INFORMATION_FORMAT = "dwarf-with-dsym";
				ENABLE_NS_ASSERTIONS = NO;
				ENABLE_STRICT_OBJC_MSGSEND = YES;
				GCC_C_LANGUAGE_STANDARD = gnu99;
				GCC_NO_COMMON_BLOCKS = YES;
				GCC_WARN_64_TO_32_BIT_CONVERSION = YES;
				GCC_WARN_ABOUT_RETURN_TYPE = YES_ERROR;
				GCC_WARN_UNDECLARED_SELECTOR = YES;
				GCC_WARN_UNINITIALIZED_AUTOS = YES_AGGRESSIVE;
				GCC_WARN_UNUSED_FUNCTION = YES;
				GCC_WARN_UNUSED_VARIABLE = YES;
				IPHONEOS_DEPLOYMENT_TARGET = 10.3;
				MTL_ENABLE_DEBUG_INFO = NO;
				SDKROOT = iphoneos;
				SWIFT_OPTIMIZATION_LEVEL = "-Owholemodule";
				VALIDATE_PRODUCT = YES;
			};
			name = Release;
		};
		AF114AD61F306B2200A0EFF1 /* Debug */ = {
			isa = XCBuildConfiguration;
			buildSettings = {
				ASSETCATALOG_COMPILER_APPICON_NAME = AppIcon;
				DEVELOPMENT_TEAM = 6PT7TT7CBP;
				INFOPLIST_FILE = talkRobot/Info.plist;
				IPHONEOS_DEPLOYMENT_TARGET = 10.3;
				LD_RUNPATH_SEARCH_PATHS = "$(inherited) @executable_path/Frameworks";
				PRODUCT_BUNDLE_IDENTIFIER = com.ftchinese.talkRobot;
				PRODUCT_NAME = "$(TARGET_NAME)";
				SWIFT_VERSION = 3.0;
			};
			name = Debug;
		};
		AF114AD71F306B2200A0EFF1 /* Release */ = {
			isa = XCBuildConfiguration;
			buildSettings = {
				ASSETCATALOG_COMPILER_APPICON_NAME = AppIcon;
				DEVELOPMENT_TEAM = 6PT7TT7CBP;
				INFOPLIST_FILE = talkRobot/Info.plist;
				IPHONEOS_DEPLOYMENT_TARGET = 10.3;
				LD_RUNPATH_SEARCH_PATHS = "$(inherited) @executable_path/Frameworks";
				PRODUCT_BUNDLE_IDENTIFIER = com.ftchinese.talkRobot;
				PRODUCT_NAME = "$(TARGET_NAME)";
				SWIFT_VERSION = 3.0;
			};
			name = Release;
		};
/* End XCBuildConfiguration section */

/* Begin XCConfigurationList section */
		AF114ABE1F306B2200A0EFF1 /* Build configuration list for PBXProject "talkRobot" */ = {
			isa = XCConfigurationList;
			buildConfigurations = (
				AF114AD31F306B2200A0EFF1 /* Debug */,
				AF114AD41F306B2200A0EFF1 /* Release */,
			);
			defaultConfigurationIsVisible = 0;
			defaultConfigurationName = Release;
		};
		AF114AD51F306B2200A0EFF1 /* Build configuration list for PBXNativeTarget "talkRobot" */ = {
			isa = XCConfigurationList;
			buildConfigurations = (
				AF114AD61F306B2200A0EFF1 /* Debug */,
				AF114AD71F306B2200A0EFF1 /* Release */,
			);
			defaultConfigurationIsVisible = 0;
			defaultConfigurationName = Release;
		};
/* End XCConfigurationList section */
	};
	rootObject = AF114ABB1F306B2200A0EFF1 /* Project object */;
}
